
Microsoft Visual Studio Solution File, Format Version 12.00
# Visual Studio 15
VisualStudioVersion = 15.0.27130.2010
MinimumVisualStudioVersion = 10.0.40219.1
Project("{8BC9CEB8-8B4A-11D0-8D11-00A0C91BC942}") = "Prototype", "Prototype\Prototype.vcxproj", "{B4BF0B99-98A3-41FD-842A-CFF3E46B6702}"
EndProject
Project("{8BC9CEB8-8B4A-11D0-8D11-00A0C91BC942}") = "DirectXTex", "thirdparty\DirectXTex\DirectXTex\DirectXTex_Windows10.vcxproj", "{FB3F52B5-BFE8-43FD-836F-363735DAB738}"
EndProject
Global
	GlobalSection(SolutionConfigurationPlatforms) = preSolution
		Debug|x64 = Debug|x64
		Debug|x86 = Debug|x86
		Release|x64 = Release|x64
		Release|x86 = Release|x86
	EndGlobalSection
	GlobalSection(ProjectConfigurationPlatforms) = postSolution
		{B4BF0B99-98A3-41FD-842A-CFF3E46B6702}.Debug|x64.ActiveCfg = Debug|x64
		{B4BF0B99-98A3-41FD-842A-CFF3E46B6702}.Debug|x64.Build.0 = Debug|x64
		{B4BF0B99-98A3-41FD-842A-CFF3E46B6702}.Debug|x86.ActiveCfg = Debug|Win32
		{B4BF0B99-98A3-41FD-842A-CFF3E46B6702}.Debug|x86.Build.0 = Debug|Win32
		{B4BF0B99-98A3-41FD-842A-CFF3E46B6702}.Release|x64.ActiveCfg = Release|x64
		{B4BF0B99-98A3-41FD-842A-CFF3E46B6702}.Release|x64.Build.0 = Release|x64
		{B4BF0B99-98A3-41FD-842A-CFF3E46B6702}.Release|x86.ActiveCfg = Release|Win32
		{B4BF0B99-98A3-41FD-842A-CFF3E46B6702}.Release|x86.Build.0 = Release|Win32
		{FB3F52B5-BFE8-43FD-836F-363735DAB738}.Debug|x64.ActiveCfg = Debug|x64
		{FB3F52B5-BFE8-43FD-836F-363735DAB738}.Debug|x64.Build.0 = Debug|x64
		{FB3F52B5-BFE8-43FD-836F-363735DAB738}.Debug|x86.ActiveCfg = Debug|Win32
		{FB3F52B5-BFE8-43FD-836F-363735DAB738}.Debug|x86.Build.0 = Debug|Win32
		{FB3F52B5-BFE8-43FD-836F-363735DAB738}.Release|x64.ActiveCfg = Release|x64
		{FB3F52B5-BFE8-43FD-836F-363735DAB738}.Release|x64.Build.0 = Release|x64
		{FB3F52B5-BFE8-43FD-836F-363735DAB738}.Release|x86.ActiveCfg = Release|Win32
		{FB3F52B5-BFE8-43FD-836F-363735DAB738}.Release|x86.Build.0 = Release|Win32
	EndGlobalSection
	GlobalSection(SolutionProperties) = preSolution
		HideSolutionNode = FALSE
	EndGlobalSection
	GlobalSection(ExtensibilityGlobals) = postSolution
		SolutionGuid = {DFAA4E64-4AA6-4E73-BF8E-DA5F937B63FF}
	EndGlobalSection
EndGlobal
