<?xml version="1.0" encoding="utf-8"?>
<Project ToolsVersion="4.0" xmlns="http://schemas.microsoft.com/developer/msbuild/2003">
  <ItemGroup>
    <Filter Include="Common">
      <UniqueIdentifier>c644818c-5266-4a1f-ad2c-d656004a9640</UniqueIdentifier>
    </Filter>
    <Filter Include="Assets">
      <UniqueIdentifier>0e1b36f7-2536-4edf-a796-6c7dda2f6a04</UniqueIdentifier>
      <Extensions>ico;cur;bmp;dds;dlg;fbx;rct;bin;rgs;gif;jpg;jpeg;jpe;resx;tga;tiff;tif;png;wav;mfcribbon-ms</Extensions>
    </Filter>
    <Filter Include="Assets\shaders">
      <UniqueIdentifier>{5552b684-2186-4d88-a4a8-3b3fd05d6580}</UniqueIdentifier>
    </Filter>
    <Filter Include="Systems">
      <UniqueIdentifier>{a1dbed6d-878d-4e6f-a6a2-e1f02dd1bc54}</UniqueIdentifier>
    </Filter>
    <Filter Include="Systems\SceneGraph">
      <UniqueIdentifier>{a82e037c-f09d-4da8-ad77-13cdd17ce8c7}</UniqueIdentifier>
    </Filter>
    <Filter Include="Systems\Renderer">
      <UniqueIdentifier>{e2abaab7-70a2-434c-bf13-f8d8bbc91183}</UniqueIdentifier>
    </Filter>
    <Filter Include="Systems\Scripting">
      <UniqueIdentifier>{aa84136d-04a0-4739-bf9b-a40477a648cf}</UniqueIdentifier>
    </Filter>
    <Filter Include="Systems\Renderer\Materials">
      <UniqueIdentifier>{93383671-ad64-448f-9e94-7d1a56a37cb7}</UniqueIdentifier>
    </Filter>
  </ItemGroup>
  <ItemGroup>
    <ClInclude Include="pch.h" />
    <ClInclude Include="Game.h" />
    <ClInclude Include="StepTimer.h">
      <Filter>Common</Filter>
    </ClInclude>
    <ClInclude Include="DeviceResources.h">
      <Filter>Common</Filter>
    </ClInclude>
    <ClInclude Include="Entity.h">
      <Filter>Systems\SceneGraph</Filter>
    </ClInclude>
    <ClInclude Include="Bound.h" />
    <ClInclude Include="Constants.h" />
    <ClInclude Include="Component.h">
      <Filter>Systems\SceneGraph</Filter>
    </ClInclude>
    <ClInclude Include="Scene.h">
      <Filter>Systems\SceneGraph</Filter>
    </ClInclude>
    <ClInclude Include="RendererData.h">
      <Filter>Systems\Renderer</Filter>
    </ClInclude>
    <ClInclude Include="EntityFilter.h">
      <Filter>Systems\SceneGraph</Filter>
    </ClInclude>
    <ClInclude Include="EntityScriptingManager.h">
      <Filter>Systems\Scripting</Filter>
    </ClInclude>
    <ClInclude Include="SceneGraphManager.h">
      <Filter>Systems\SceneGraph</Filter>
    </ClInclude>
    <ClInclude Include="EntityRenderManager.h">
      <Filter>Systems\Renderer</Filter>
    </ClInclude>
    <ClInclude Include="RenderableComponent.h">
      <Filter>Systems\Renderer</Filter>
    </ClInclude>
    <ClInclude Include="TestComponent.h">
      <Filter>Systems\Scripting</Filter>
    </ClInclude>
    <ClInclude Include="AssetManager.h">
      <Filter>Systems</Filter>
    </ClInclude>
    <ClInclude Include="SimpleTypes.h" />
    <ClInclude Include="ManagerBase.h">
      <Filter>Systems</Filter>
    </ClInclude>
    <ClInclude Include="glTFMeshLoader.h">
      <Filter>Systems\SceneGraph</Filter>
    </ClInclude>
    <ClInclude Include="EntityGraphLoader.h">
      <Filter>Systems\SceneGraph</Filter>
    </ClInclude>
    <ClInclude Include="MeshDataComponent.h">
      <Filter>Systems\Renderer</Filter>
    </ClInclude>
    <ClInclude Include="EntityRepository.h">
      <Filter>Systems\SceneGraph</Filter>
    </ClInclude>
    <ClInclude Include="MaterialRepository.h">
      <Filter>Systems\Renderer</Filter>
    </ClInclude>
    <ClInclude Include="Utils.h" />
    <ClInclude Include="Texture.h">
      <Filter>Systems\Renderer</Filter>
    </ClInclude>
    <ClInclude Include="TextureImpl.h">
      <Filter>Systems\Renderer</Filter>
    </ClInclude>
    <ClInclude Include="LightComponent.h">
      <Filter>Systems\Renderer</Filter>
    </ClInclude>
    <ClInclude Include="Material.h">
      <Filter>Systems\Renderer\Materials</Filter>
    </ClInclude>
    <ClInclude Include="PBRMaterial.h">
      <Filter>Systems\Renderer\Materials</Filter>
    </ClInclude>
    <ClInclude Include="ClearGBufferMaterial.h">
      <Filter>Systems\Renderer\Materials</Filter>
    </ClInclude>
    <ClInclude Include="MeshData.h">
      <Filter>Systems\Renderer</Filter>
    </ClInclude>
    <ClInclude Include="PrimitiveMeshDataFactory.h" />
    <ClInclude Include="TextureRenderTarget.h">
      <Filter>Systems\Renderer</Filter>
    </ClInclude>
    <ClInclude Include="DeferredLightMaterial.h">
      <Filter>Systems\Renderer\Materials</Filter>
    </ClInclude>
  </ItemGroup>
  <ItemGroup>
    <ClCompile Include="pch.cpp" />
    <ClCompile Include="Game.cpp" />
    <ClCompile Include="Main.cpp" />
    <ClCompile Include="DeviceResources.cpp">
      <Filter>Common</Filter>
    </ClCompile>
    <ClCompile Include="Entity.cpp">
      <Filter>Systems\SceneGraph</Filter>
    </ClCompile>
    <ClCompile Include="Bound.cpp" />
    <ClCompile Include="Component.cpp">
      <Filter>Systems\SceneGraph</Filter>
    </ClCompile>
    <ClCompile Include="Scene.cpp">
      <Filter>Systems\SceneGraph</Filter>
    </ClCompile>
    <ClCompile Include="RendererData.cpp">
      <Filter>Systems\Renderer</Filter>
    </ClCompile>
    <ClCompile Include="EntityScriptingManager.cpp">
      <Filter>Systems\Scripting</Filter>
    </ClCompile>
    <ClCompile Include="SceneGraphManager.cpp">
      <Filter>Systems\SceneGraph</Filter>
    </ClCompile>
    <ClCompile Include="EntityRenderManager.cpp">
      <Filter>Systems\Renderer</Filter>
    </ClCompile>
    <ClCompile Include="RenderableComponent.cpp">
      <Filter>Systems\Renderer</Filter>
    </ClCompile>
    <ClCompile Include="TestComponent.cpp">
      <Filter>Systems\Scripting</Filter>
    </ClCompile>
    <ClCompile Include="AssetManager.cpp">
      <Filter>Systems</Filter>
    </ClCompile>
    <ClCompile Include="glTFMeshLoader.cpp">
      <Filter>Systems\SceneGraph</Filter>
    </ClCompile>
    <ClCompile Include="MeshDataComponent.cpp">
      <Filter>Systems\Renderer</Filter>
    </ClCompile>
    <ClCompile Include="EntityRepository.cpp">
      <Filter>Systems\SceneGraph</Filter>
    </ClCompile>
    <ClCompile Include="MaterialRepository.cpp">
      <Filter>Systems\Renderer</Filter>
    </ClCompile>
    <ClCompile Include="Utils.cpp" />
    <ClCompile Include="TextureImpl.cpp">
      <Filter>Systems\Renderer</Filter>
    </ClCompile>
    <ClCompile Include="LightComponent.cpp">
      <Filter>Systems\Renderer</Filter>
    </ClCompile>
    <ClCompile Include="Material.cpp">
      <Filter>Systems\Renderer\Materials</Filter>
    </ClCompile>
    <ClCompile Include="PBRMaterial.cpp">
      <Filter>Systems\Renderer\Materials</Filter>
    </ClCompile>
    <ClCompile Include="ClearGBufferMaterial.cpp">
      <Filter>Systems\Renderer\Materials</Filter>
    </ClCompile>
    <ClCompile Include="MeshData.cpp">
      <Filter>Systems\Renderer</Filter>
    </ClCompile>
    <ClCompile Include="PrimitiveMeshDataFactory.cpp" />
    <ClCompile Include="TextureRenderTarget.cpp">
      <Filter>Systems\Renderer</Filter>
    </ClCompile>
    <ClCompile Include="DeferredLightMaterial.cpp">
      <Filter>Systems\Renderer\Materials</Filter>
    </ClCompile>
  </ItemGroup>
  <ItemGroup>
    <ResourceCompile Include="resource.rc" />
  </ItemGroup>
  <ItemGroup>
    <Image Include="directx.ico">
      <Filter>Assets</Filter>
    </Image>
  </ItemGroup>
  <ItemGroup>
    <Manifest Include="settings.manifest">
      <Filter>Assets</Filter>
    </Manifest>
  </ItemGroup>
  <ItemGroup>
    <Text Include="LICENSE.md" />
  </ItemGroup>
  <ItemGroup>
    <None Include="data\meshes\Cube\Cube.gltf" />
    <None Include="README.md" />
  </ItemGroup>
  <ItemGroup>
    <FxCompile Include="data\shaders\vertex_colors_VS.hlsl">
      <Filter>Assets\shaders</Filter>
    </FxCompile>
    <FxCompile Include="data\shaders\vertex_colors_PS.hlsl">
      <Filter>Assets\shaders</Filter>
    </FxCompile>
    <FxCompile Include="data\shaders\pbr_metallic_VS.hlsl">
      <Filter>Assets\shaders</Filter>
    </FxCompile>
    <FxCompile Include="data\shaders\pbr_metallic_PS.hlsl">
      <Filter>Assets\shaders</Filter>
    </FxCompile>
    <FxCompile Include="data\shaders\clear_gbuffer_VS.hlsl">
      <Filter>Assets\shaders</Filter>
    </FxCompile>
    <FxCompile Include="data\shaders\clear_gbuffer_PS.hlsl">
      <Filter>Assets\shaders</Filter>
    </FxCompile>
    <FxCompile Include="data\shaders\deferred_light_PS.hlsl">
      <Filter>Assets\shaders</Filter>
    </FxCompile>
    <FxCompile Include="data\shaders\deferred_light_VS.hlsl">
      <Filter>Assets\shaders</Filter>
    </FxCompile>
  </ItemGroup>
</Project>